{
  "name": "minitor",
  "lockfileVersion": 2,
  "requires": true,
  "packages": {
    "": {
      "dependencies": {
        "@el3um4s/typescript-npm-package-starter": "^0.0.9"
      }
    },
    "node_modules/@el3um4s/typescript-npm-package-starter": {
      "version": "0.0.9",
      "resolved": "https://registry.npmjs.org/@el3um4s/typescript-npm-package-starter/-/typescript-npm-package-starter-0.0.9.tgz",
      "integrity": "sha512-+Q/7uOVsmVW5tG5+gBQoQsQcsfTPp65XMQrFHpZld6a9M1bPYvwIaBlWyEBSmi8fOpF9oPlsiY6Z4QGTJB3Okg==",
      "funding": [
        {
          "type": "patreon",
          "url": "https://www.patreon.com/el3um4s"
        },
        {
          "type": "individual",
          "url": "https://www.paypal.me/el3um4s"
        }
      ]
    }
  },
  "dependencies": {
    "@el3um4s/typescript-npm-package-starter": {
      "version": "0.0.9",
      "resolved": "https://registry.npmjs.org/@el3um4s/typescript-npm-package-starter/-/typescript-npm-package-starter-0.0.9.tgz",
      "integrity": "sha512-+Q/7uOVsmVW5tG5+gBQoQsQcsfTPp65XMQrFHpZld6a9M1bPYvwIaBlWyEBSmi8fOpF9oPlsiY6Z4QGTJB3Okg=="
    }
  }
}